
Microsoft Visual Studio Solution File, Format Version 12.00
# Visual Studio 2013
VisualStudioVersion = 12.0.40629.0
MinimumVisualStudioVersion = 10.0.40219.1
Project("{FAE04EC0-301F-11D3-BF4B-00C04F79EFBC}") = "SamenSterkOnline", "SamekSterkOnline\SamenSterkOnline.csproj", "{61ADA1E5-EB87-4F19-B1D0-2884EF426005}"
EndProject
Project("{FAE04EC0-301F-11D3-BF4B-00C04F79EFBC}") = "SamenSterkOffline", "SamenSterkOffline\SamenSterkOffline.csproj", "{F37163E6-F147-4A9B-8F45-91746C79F459}"
EndProject
Project("{930C7802-8A8C-48F9-8165-68863BCCD9DD}") = "SamenSterkOfflineSetup", "SamenSterkOfflineSetup\SamenSterkOfflineSetup.wixproj", "{E140D9C3-212C-499E-8E28-DE19E359160C}"
EndProject
Project("{930C7802-8A8C-48F9-8165-68863BCCD9DD}") = "SamenSterkOnlineSetup", "SamenSterkOnlineSetup\SamenSterkOnlineSetup.wixproj", "{3C33385C-2E00-464B-9E11-B3F09DEBEEB3}"
EndProject
Global
	GlobalSection(SolutionConfigurationPlatforms) = preSolution
		CD_ROM|Any CPU = CD_ROM|Any CPU
		CD_ROM|Mixed Platforms = CD_ROM|Mixed Platforms
		CD_ROM|x86 = CD_ROM|x86
		Debug|Any CPU = Debug|Any CPU
		Debug|Mixed Platforms = Debug|Mixed Platforms
		Debug|x86 = Debug|x86
		DVD-5|Any CPU = DVD-5|Any CPU
		DVD-5|Mixed Platforms = DVD-5|Mixed Platforms
		DVD-5|x86 = DVD-5|x86
		Release|Any CPU = Release|Any CPU
		Release|Mixed Platforms = Release|Mixed Platforms
		Release|x86 = Release|x86
		SingleImage|Any CPU = SingleImage|Any CPU
		SingleImage|Mixed Platforms = SingleImage|Mixed Platforms
		SingleImage|x86 = SingleImage|x86
	EndGlobalSection
	GlobalSection(ProjectConfigurationPlatforms) = postSolution
		{61ADA1E5-EB87-4F19-B1D0-2884EF426005}.CD_ROM|Any CPU.ActiveCfg = Release|Any CPU
		{61ADA1E5-EB87-4F19-B1D0-2884EF426005}.CD_ROM|Any CPU.Build.0 = Release|Any CPU
		{61ADA1E5-EB87-4F19-B1D0-2884EF426005}.CD_ROM|Mixed Platforms.ActiveCfg = Debug|Any CPU
		{61ADA1E5-EB87-4F19-B1D0-2884EF426005}.CD_ROM|Mixed Platforms.Build.0 = Debug|Any CPU
		{61ADA1E5-EB87-4F19-B1D0-2884EF426005}.CD_ROM|x86.ActiveCfg = Debug|Any CPU
		{61ADA1E5-EB87-4F19-B1D0-2884EF426005}.CD_ROM|x86.Build.0 = Debug|Any CPU
		{61ADA1E5-EB87-4F19-B1D0-2884EF426005}.Debug|Any CPU.ActiveCfg = Debug|Any CPU
		{61ADA1E5-EB87-4F19-B1D0-2884EF426005}.Debug|Any CPU.Build.0 = Debug|Any CPU
		{61ADA1E5-EB87-4F19-B1D0-2884EF426005}.Debug|Mixed Platforms.ActiveCfg = Debug|Any CPU
		{61ADA1E5-EB87-4F19-B1D0-2884EF426005}.Debug|Mixed Platforms.Build.0 = Debug|Any CPU
		{61ADA1E5-EB87-4F19-B1D0-2884EF426005}.Debug|x86.ActiveCfg = Debug|Any CPU
		{61ADA1E5-EB87-4F19-B1D0-2884EF426005}.Debug|x86.Build.0 = Debug|Any CPU
		{61ADA1E5-EB87-4F19-B1D0-2884EF426005}.DVD-5|Any CPU.ActiveCfg = Debug|Any CPU
		{61ADA1E5-EB87-4F19-B1D0-2884EF426005}.DVD-5|Any CPU.Build.0 = Debug|Any CPU
		{61ADA1E5-EB87-4F19-B1D0-2884EF426005}.DVD-5|Mixed Platforms.ActiveCfg = Debug|Any CPU
		{61ADA1E5-EB87-4F19-B1D0-2884EF426005}.DVD-5|Mixed Platforms.Build.0 = Debug|Any CPU
		{61ADA1E5-EB87-4F19-B1D0-2884EF426005}.DVD-5|x86.ActiveCfg = Debug|Any CPU
		{61ADA1E5-EB87-4F19-B1D0-2884EF426005}.DVD-5|x86.Build.0 = Debug|Any CPU
		{61ADA1E5-EB87-4F19-B1D0-2884EF426005}.Release|Any CPU.ActiveCfg = Release|Any CPU
		{61ADA1E5-EB87-4F19-B1D0-2884EF426005}.Release|Any CPU.Build.0 = Release|Any CPU
		{61ADA1E5-EB87-4F19-B1D0-2884EF426005}.Release|Mixed Platforms.ActiveCfg = Release|Any CPU
		{61ADA1E5-EB87-4F19-B1D0-2884EF426005}.Release|Mixed Platforms.Build.0 = Release|Any CPU
		{61ADA1E5-EB87-4F19-B1D0-2884EF426005}.Release|x86.ActiveCfg = Release|Any CPU
		{61ADA1E5-EB87-4F19-B1D0-2884EF426005}.Release|x86.Build.0 = Release|Any CPU
		{61ADA1E5-EB87-4F19-B1D0-2884EF426005}.SingleImage|Any CPU.ActiveCfg = Release|Any CPU
		{61ADA1E5-EB87-4F19-B1D0-2884EF426005}.SingleImage|Any CPU.Build.0 = Release|Any CPU
		{61ADA1E5-EB87-4F19-B1D0-2884EF426005}.SingleImage|Mixed Platforms.ActiveCfg = Debug|Any CPU
		{61ADA1E5-EB87-4F19-B1D0-2884EF426005}.SingleImage|Mixed Platforms.Build.0 = Debug|Any CPU
		{61ADA1E5-EB87-4F19-B1D0-2884EF426005}.SingleImage|x86.ActiveCfg = Debug|Any CPU
		{61ADA1E5-EB87-4F19-B1D0-2884EF426005}.SingleImage|x86.Build.0 = Debug|Any CPU
		{F37163E6-F147-4A9B-8F45-91746C79F459}.CD_ROM|Any CPU.ActiveCfg = Release|Any CPU
		{F37163E6-F147-4A9B-8F45-91746C79F459}.CD_ROM|Any CPU.Build.0 = Release|Any CPU
		{F37163E6-F147-4A9B-8F45-91746C79F459}.CD_ROM|Mixed Platforms.ActiveCfg = Debug|Any CPU
		{F37163E6-F147-4A9B-8F45-91746C79F459}.CD_ROM|Mixed Platforms.Build.0 = Debug|Any CPU
		{F37163E6-F147-4A9B-8F45-91746C79F459}.CD_ROM|x86.ActiveCfg = Debug|Any CPU
		{F37163E6-F147-4A9B-8F45-91746C79F459}.CD_ROM|x86.Build.0 = Debug|Any CPU
		{F37163E6-F147-4A9B-8F45-91746C79F459}.Debug|Any CPU.ActiveCfg = Debug|Any CPU
		{F37163E6-F147-4A9B-8F45-91746C79F459}.Debug|Any CPU.Build.0 = Debug|Any CPU
		{F37163E6-F147-4A9B-8F45-91746C79F459}.Debug|Mixed Platforms.ActiveCfg = Debug|Any CPU
		{F37163E6-F147-4A9B-8F45-91746C79F459}.Debug|Mixed Platforms.Build.0 = Debug|Any CPU
		{F37163E6-F147-4A9B-8F45-91746C79F459}.Debug|x86.ActiveCfg = Debug|Any CPU
		{F37163E6-F147-4A9B-8F45-91746C79F459}.Debug|x86.Build.0 = Debug|Any CPU
		{F37163E6-F147-4A9B-8F45-91746C79F459}.DVD-5|Any CPU.ActiveCfg = Debug|Any CPU
		{F37163E6-F147-4A9B-8F45-91746C79F459}.DVD-5|Any CPU.Build.0 = Debug|Any CPU
		{F37163E6-F147-4A9B-8F45-91746C79F459}.DVD-5|Mixed Platforms.ActiveCfg = Debug|Any CPU
		{F37163E6-F147-4A9B-8F45-91746C79F459}.DVD-5|Mixed Platforms.Build.0 = Debug|Any CPU
		{F37163E6-F147-4A9B-8F45-91746C79F459}.DVD-5|x86.ActiveCfg = Debug|Any CPU
		{F37163E6-F147-4A9B-8F45-91746C79F459}.DVD-5|x86.Build.0 = Debug|Any CPU
		{F37163E6-F147-4A9B-8F45-91746C79F459}.Release|Any CPU.ActiveCfg = Release|Any CPU
		{F37163E6-F147-4A9B-8F45-91746C79F459}.Release|Any CPU.Build.0 = Release|Any CPU
		{F37163E6-F147-4A9B-8F45-91746C79F459}.Release|Mixed Platforms.ActiveCfg = Release|Any CPU
		{F37163E6-F147-4A9B-8F45-91746C79F459}.Release|Mixed Platforms.Build.0 = Release|Any CPU
		{F37163E6-F147-4A9B-8F45-91746C79F459}.Release|x86.ActiveCfg = Release|Any CPU
		{F37163E6-F147-4A9B-8F45-91746C79F459}.Release|x86.Build.0 = Release|Any CPU
		{F37163E6-F147-4A9B-8F45-91746C79F459}.SingleImage|Any CPU.ActiveCfg = Release|Any CPU
		{F37163E6-F147-4A9B-8F45-91746C79F459}.SingleImage|Any CPU.Build.0 = Release|Any CPU
		{F37163E6-F147-4A9B-8F45-91746C79F459}.SingleImage|Mixed Platforms.ActiveCfg = Debug|Any CPU
		{F37163E6-F147-4A9B-8F45-91746C79F459}.SingleImage|Mixed Platforms.Build.0 = Debug|Any CPU
		{F37163E6-F147-4A9B-8F45-91746C79F459}.SingleImage|x86.ActiveCfg = Debug|Any CPU
		{F37163E6-F147-4A9B-8F45-91746C79F459}.SingleImage|x86.Build.0 = Debug|Any CPU
		{E140D9C3-212C-499E-8E28-DE19E359160C}.CD_ROM|Any CPU.ActiveCfg = Release|x86
		{E140D9C3-212C-499E-8E28-DE19E359160C}.CD_ROM|Any CPU.Build.0 = Release|x86
		{E140D9C3-212C-499E-8E28-DE19E359160C}.CD_ROM|Mixed Platforms.ActiveCfg = Debug|x86
		{E140D9C3-212C-499E-8E28-DE19E359160C}.CD_ROM|Mixed Platforms.Build.0 = Debug|x86
		{E140D9C3-212C-499E-8E28-DE19E359160C}.CD_ROM|x86.ActiveCfg = Release|x86
		{E140D9C3-212C-499E-8E28-DE19E359160C}.CD_ROM|x86.Build.0 = Release|x86
		{E140D9C3-212C-499E-8E28-DE19E359160C}.Debug|Any CPU.ActiveCfg = Debug|x86
		{E140D9C3-212C-499E-8E28-DE19E359160C}.Debug|Mixed Platforms.ActiveCfg = Debug|x86
		{E140D9C3-212C-499E-8E28-DE19E359160C}.Debug|Mixed Platforms.Build.0 = Debug|x86
		{E140D9C3-212C-499E-8E28-DE19E359160C}.Debug|x86.ActiveCfg = Debug|x86
		{E140D9C3-212C-499E-8E28-DE19E359160C}.Debug|x86.Build.0 = Debug|x86
		{E140D9C3-212C-499E-8E28-DE19E359160C}.DVD-5|Any CPU.ActiveCfg = Release|x86
		{E140D9C3-212C-499E-8E28-DE19E359160C}.DVD-5|Any CPU.Build.0 = Release|x86
		{E140D9C3-212C-499E-8E28-DE19E359160C}.DVD-5|Mixed Platforms.ActiveCfg = Debug|x86
		{E140D9C3-212C-499E-8E28-DE19E359160C}.DVD-5|Mixed Platforms.Build.0 = Debug|x86
		{E140D9C3-212C-499E-8E28-DE19E359160C}.DVD-5|x86.ActiveCfg = Debug|x86
		{E140D9C3-212C-499E-8E28-DE19E359160C}.DVD-5|x86.Build.0 = Debug|x86
		{E140D9C3-212C-499E-8E28-DE19E359160C}.Release|Any CPU.ActiveCfg = Release|x86
		{E140D9C3-212C-499E-8E28-DE19E359160C}.Release|Mixed Platforms.ActiveCfg = Release|x86
		{E140D9C3-212C-499E-8E28-DE19E359160C}.Release|Mixed Platforms.Build.0 = Release|x86
		{E140D9C3-212C-499E-8E28-DE19E359160C}.Release|x86.ActiveCfg = Release|x86
		{E140D9C3-212C-499E-8E28-DE19E359160C}.Release|x86.Build.0 = Release|x86
		{E140D9C3-212C-499E-8E28-DE19E359160C}.SingleImage|Any CPU.ActiveCfg = Release|x86
		{E140D9C3-212C-499E-8E28-DE19E359160C}.SingleImage|Any CPU.Build.0 = Release|x86
		{E140D9C3-212C-499E-8E28-DE19E359160C}.SingleImage|Mixed Platforms.ActiveCfg = Debug|x86
		{E140D9C3-212C-499E-8E28-DE19E359160C}.SingleImage|Mixed Platforms.Build.0 = Debug|x86
		{E140D9C3-212C-499E-8E28-DE19E359160C}.SingleImage|x86.ActiveCfg = Release|x86
		{E140D9C3-212C-499E-8E28-DE19E359160C}.SingleImage|x86.Build.0 = Release|x86
		{3C33385C-2E00-464B-9E11-B3F09DEBEEB3}.CD_ROM|Any CPU.ActiveCfg = Release|x86
		{3C33385C-2E00-464B-9E11-B3F09DEBEEB3}.CD_ROM|Mixed Platforms.ActiveCfg = Release|x86
		{3C33385C-2E00-464B-9E11-B3F09DEBEEB3}.CD_ROM|Mixed Platforms.Build.0 = Release|x86
		{3C33385C-2E00-464B-9E11-B3F09DEBEEB3}.CD_ROM|x86.ActiveCfg = Release|x86
		{3C33385C-2E00-464B-9E11-B3F09DEBEEB3}.CD_ROM|x86.Build.0 = Release|x86
		{3C33385C-2E00-464B-9E11-B3F09DEBEEB3}.Debug|Any CPU.ActiveCfg = Debug|x86
		{3C33385C-2E00-464B-9E11-B3F09DEBEEB3}.Debug|Mixed Platforms.ActiveCfg = Debug|x86
		{3C33385C-2E00-464B-9E11-B3F09DEBEEB3}.Debug|Mixed Platforms.Build.0 = Debug|x86
		{3C33385C-2E00-464B-9E11-B3F09DEBEEB3}.Debug|x86.ActiveCfg = Debug|x86
		{3C33385C-2E00-464B-9E11-B3F09DEBEEB3}.Debug|x86.Build.0 = Debug|x86
		{3C33385C-2E00-464B-9E11-B3F09DEBEEB3}.DVD-5|Any CPU.ActiveCfg = Debug|x86
		{3C33385C-2E00-464B-9E11-B3F09DEBEEB3}.DVD-5|Mixed Platforms.ActiveCfg = Debug|x86
		{3C33385C-2E00-464B-9E11-B3F09DEBEEB3}.DVD-5|Mixed Platforms.Build.0 = Debug|x86
		{3C33385C-2E00-464B-9E11-B3F09DEBEEB3}.DVD-5|x86.ActiveCfg = Debug|x86
		{3C33385C-2E00-464B-9E11-B3F09DEBEEB3}.DVD-5|x86.Build.0 = Debug|x86
		{3C33385C-2E00-464B-9E11-B3F09DEBEEB3}.Release|Any CPU.ActiveCfg = Release|x86
		{3C33385C-2E00-464B-9E11-B3F09DEBEEB3}.Release|Mixed Platforms.ActiveCfg = Release|x86
		{3C33385C-2E00-464B-9E11-B3F09DEBEEB3}.Release|Mixed Platforms.Build.0 = Release|x86
		{3C33385C-2E00-464B-9E11-B3F09DEBEEB3}.Release|x86.ActiveCfg = Release|x86
		{3C33385C-2E00-464B-9E11-B3F09DEBEEB3}.Release|x86.Build.0 = Release|x86
		{3C33385C-2E00-464B-9E11-B3F09DEBEEB3}.SingleImage|Any CPU.ActiveCfg = Release|x86
		{3C33385C-2E00-464B-9E11-B3F09DEBEEB3}.SingleImage|Mixed Platforms.ActiveCfg = Release|x86
		{3C33385C-2E00-464B-9E11-B3F09DEBEEB3}.SingleImage|Mixed Platforms.Build.0 = Release|x86
		{3C33385C-2E00-464B-9E11-B3F09DEBEEB3}.SingleImage|x86.ActiveCfg = Release|x86
		{3C33385C-2E00-464B-9E11-B3F09DEBEEB3}.SingleImage|x86.Build.0 = Release|x86
	EndGlobalSection
	GlobalSection(SolutionProperties) = preSolution
		HideSolutionNode = FALSE
	EndGlobalSection
EndGlobal
